
Microsoft Visual Studio Solution File, Format Version 12.00
# Visual Studio Version 17
VisualStudioVersion = 17.13.35931.197 d17.13
MinimumVisualStudioVersion = 10.0.40219.1
Project("{FAE04EC0-301F-11D3-BF4B-00C04F79EFBC}") = "ModUpdater", "ModUpdater\ModUpdater.csproj", "{03F2CEC2-41E0-4477-84B1-D9BB3BE991CF}"
EndProject
Global
	GlobalSection(SolutionConfigurationPlatforms) = preSolution
		Debug|Any CPU = Debug|Any CPU
		Release|Any CPU = Release|Any CPU
	EndGlobalSection
	GlobalSection(ProjectConfigurationPlatforms) = postSolution
		{03F2CEC2-41E0-4477-84B1-D9BB3BE991CF}.Debug|Any CPU.ActiveCfg = Debug|Any CPU
		{03F2CEC2-41E0-4477-84B1-D9BB3BE991CF}.Debug|Any CPU.Build.0 = Debug|Any CPU
		{03F2CEC2-41E0-4477-84B1-D9BB3BE991CF}.Release|Any CPU.ActiveCfg = Release|Any CPU
		{03F2CEC2-41E0-4477-84B1-D9BB3BE991CF}.Release|Any CPU.Build.0 = Release|Any CPU
	EndGlobalSection
	GlobalSection(SolutionProperties) = preSolution
		HideSolutionNode = FALSE
	EndGlobalSection
	GlobalSection(ExtensibilityGlobals) = postSolution
		SolutionGuid = {3A824019-4991-4B3A-910E-8AE40868F2B2}
	EndGlobalSection
EndGlobal
